
Microsoft Visual Studio Solution File, Format Version 12.00
# Visual Studio Version 17
VisualStudioVersion = 17.5.33516.290
MinimumVisualStudioVersion = 10.0.40219.1
Project("{FAE04EC0-301F-11D3-BF4B-00C04F79EFBC}") = "MarsProject", "MarsProject\MarsProject.csproj", "{370FDC2B-D439-43DE-A49E-C5478B7373F1}"
EndProject
Global
	GlobalSection(SolutionConfigurationPlatforms) = preSolution
		Debug|Any CPU = Debug|Any CPU
		Release|Any CPU = Release|Any CPU
	EndGlobalSection
	GlobalSection(ProjectConfigurationPlatforms) = postSolution
		{370FDC2B-D439-43DE-A49E-C5478B7373F1}.Debug|Any CPU.ActiveCfg = Debug|Any CPU
		{370FDC2B-D439-43DE-A49E-C5478B7373F1}.Debug|Any CPU.Build.0 = Debug|Any CPU
		{370FDC2B-D439-43DE-A49E-C5478B7373F1}.Release|Any CPU.ActiveCfg = Release|Any CPU
		{370FDC2B-D439-43DE-A49E-C5478B7373F1}.Release|Any CPU.Build.0 = Release|Any CPU
	EndGlobalSection
	GlobalSection(SolutionProperties) = preSolution
		HideSolutionNode = FALSE
	EndGlobalSection
	GlobalSection(ExtensibilityGlobals) = postSolution
		SolutionGuid = {14116838-3209-4786-B919-4C6852CF2F85}
	EndGlobalSection
EndGlobal
